
Microsoft Visual Studio Solution File, Format Version 10.00
# Visual Studio 2008
Project("{FAE04EC0-301F-11D3-BF4B-00C04F79EFBC}") = "x2clr", "x2\x2clr.csproj", "{79A3E41B-FA7F-4ED8-86AB-FCF61A6F65B9}"
EndProject
Project("{FAE04EC0-301F-11D3-BF4B-00C04F79EFBC}") = "xpiler", "xpiler\xpiler.csproj", "{13EEDB91-EAEF-4483-88E9-3F8E2DFA4D52}"
EndProject
Project("{FAE04EC0-301F-11D3-BF4B-00C04F79EFBC}") = "x2test", "tests\x2test.csproj", "{4F62C483-01DB-45B7-88A4-28D5B94A17E7}"
	ProjectSection(ProjectDependencies) = postProject
		{13EEDB91-EAEF-4483-88E9-3F8E2DFA4D52} = {13EEDB91-EAEF-4483-88E9-3F8E2DFA4D52}
	EndProjectSection
EndProject
Global
	GlobalSection(SolutionConfigurationPlatforms) = preSolution
		Debug|Any CPU = Debug|Any CPU
		Release|Any CPU = Release|Any CPU
	EndGlobalSection
	GlobalSection(ProjectConfigurationPlatforms) = postSolution
		{79A3E41B-FA7F-4ED8-86AB-FCF61A6F65B9}.Debug|Any CPU.ActiveCfg = Debug|Any CPU
		{79A3E41B-FA7F-4ED8-86AB-FCF61A6F65B9}.Debug|Any CPU.Build.0 = Debug|Any CPU
		{79A3E41B-FA7F-4ED8-86AB-FCF61A6F65B9}.Release|Any CPU.ActiveCfg = Release|Any CPU
		{79A3E41B-FA7F-4ED8-86AB-FCF61A6F65B9}.Release|Any CPU.Build.0 = Release|Any CPU
		{13EEDB91-EAEF-4483-88E9-3F8E2DFA4D52}.Debug|Any CPU.ActiveCfg = Debug|Any CPU
		{13EEDB91-EAEF-4483-88E9-3F8E2DFA4D52}.Debug|Any CPU.Build.0 = Debug|Any CPU
		{13EEDB91-EAEF-4483-88E9-3F8E2DFA4D52}.Release|Any CPU.ActiveCfg = Release|Any CPU
		{13EEDB91-EAEF-4483-88E9-3F8E2DFA4D52}.Release|Any CPU.Build.0 = Release|Any CPU
		{4F62C483-01DB-45B7-88A4-28D5B94A17E7}.Debug|Any CPU.ActiveCfg = Debug|Any CPU
		{4F62C483-01DB-45B7-88A4-28D5B94A17E7}.Debug|Any CPU.Build.0 = Debug|Any CPU
		{4F62C483-01DB-45B7-88A4-28D5B94A17E7}.Release|Any CPU.ActiveCfg = Release|Any CPU
		{4F62C483-01DB-45B7-88A4-28D5B94A17E7}.Release|Any CPU.Build.0 = Release|Any CPU
	EndGlobalSection
	GlobalSection(SolutionProperties) = preSolution
		HideSolutionNode = FALSE
	EndGlobalSection
EndGlobal
