
Microsoft Visual Studio Solution File, Format Version 10.00
# Visual Studio 2008
Project("{FAE04EC0-301F-11D3-BF4B-00C04F79EFBC}") = "x2cap.1", "cap\1\x2cap.1.csproj", "{446A45C1-F12A-4CCF-A065-76A9027104ED}"
EndProject
Project("{FAE04EC0-301F-11D3-BF4B-00C04F79EFBC}") = "x2cap.2", "cap\2\x2cap.2.csproj", "{446A45C1-F12A-4CCF-A065-76A9027104EE}"
EndProject
Global
	GlobalSection(SolutionConfigurationPlatforms) = preSolution
		Debug|Any CPU = Debug|Any CPU
		Release|Any CPU = Release|Any CPU
	EndGlobalSection
	GlobalSection(ProjectConfigurationPlatforms) = postSolution
		{446A45C1-F12A-4CCF-A065-76A9027104ED}.Debug|Any CPU.ActiveCfg = Debug|Any CPU
		{446A45C1-F12A-4CCF-A065-76A9027104ED}.Debug|Any CPU.Build.0 = Debug|Any CPU
		{446A45C1-F12A-4CCF-A065-76A9027104ED}.Release|Any CPU.ActiveCfg = Release|Any CPU
		{446A45C1-F12A-4CCF-A065-76A9027104ED}.Release|Any CPU.Build.0 = Release|Any CPU
		{446A45C1-F12A-4CCF-A065-76A9027104EE}.Debug|Any CPU.ActiveCfg = Debug|Any CPU
		{446A45C1-F12A-4CCF-A065-76A9027104EE}.Debug|Any CPU.Build.0 = Debug|Any CPU
		{446A45C1-F12A-4CCF-A065-76A9027104EE}.Release|Any CPU.ActiveCfg = Release|Any CPU
		{446A45C1-F12A-4CCF-A065-76A9027104EE}.Release|Any CPU.Build.0 = Release|Any CPU
	EndGlobalSection
	GlobalSection(SolutionProperties) = preSolution
		HideSolutionNode = FALSE
	EndGlobalSection
EndGlobal
