
Microsoft Visual Studio Solution File, Format Version 12.00
# Visual Studio 2013
VisualStudioVersion = 12.0.40629.0
MinimumVisualStudioVersion = 10.0.40219.1
Project("{FAE04EC0-301F-11D3-BF4B-00C04F79EFBC}") = "HeadFirst1", "HeadFirst\HeadFirst1.csproj", "{456A45C1-F12A-4CCF-A175-76A9027104F0}"
	ProjectSection(ProjectDependencies) = postProject
		{79A3E41B-FA7F-4ED8-86AB-FCF61A6F65B9} = {79A3E41B-FA7F-4ED8-86AB-FCF61A6F65B9}
	EndProjectSection
EndProject
Project("{FAE04EC0-301F-11D3-BF4B-00C04F79EFBC}") = "xpiler", "..\xpiler\xpiler.csproj", "{13EEDB91-EAEF-4483-88E9-3F8E2DFA4D52}"
EndProject
Project("{FAE04EC0-301F-11D3-BF4B-00C04F79EFBC}") = "x2clr", "..\x2\x2clr.csproj", "{79A3E41B-FA7F-4ED8-86AB-FCF61A6F65B9}"
	ProjectSection(ProjectDependencies) = postProject
		{13EEDB91-EAEF-4483-88E9-3F8E2DFA4D52} = {13EEDB91-EAEF-4483-88E9-3F8E2DFA4D52}
	EndProjectSection
EndProject
Project("{FAE04EC0-301F-11D3-BF4B-00C04F79EFBC}") = "HeadFirst2", "HeadFirst\HeadFirst2.csproj", "{567A45C2-F12A-4CCF-A175-76A9027124F0}"
EndProject
Project("{FAE04EC0-301F-11D3-BF4B-00C04F79EFBC}") = "HeadFirst", "HeadFirst\HeadFirst.csproj", "{679B3542-024B-4CDF-A285-76A9027124F1}"
EndProject
Project("{FAE04EC0-301F-11D3-BF4B-00C04F79EFBC}") = "HeadFirst3.Client", "HeadFirst\HeadFirst3.Client.csproj", "{798A1306-823B-4DCF-B186-76A9127824F9}"
EndProject
Project("{FAE04EC0-301F-11D3-BF4B-00C04F79EFBC}") = "HeadFirst3.Server", "HeadFirst\HeadFirst3.Server.csproj", "{297B4502-812A-4CCF-B175-76A9027124F9}"
EndProject
Project("{2150E333-8FDC-42A3-9474-1A3956D46DE8}") = "HeadFirst", "HeadFirst", "{0AE5A866-386E-4980-A4FD-FB346327A954}"
EndProject
Project("{2150E333-8FDC-42A3-9474-1A3956D46DE8}") = "Libraries", "Libraries", "{9B01C5F1-1AE6-493E-94AF-633D825D091E}"
EndProject
Project("{FAE04EC0-301F-11D3-BF4B-00C04F79EFBC}") = "HeadFirst4.Client", "HeadFirst\HeadFirst4.Client.csproj", "{798A1306-823C-482F-B286-76A91278240A}"
EndProject
Project("{FAE04EC0-301F-11D3-BF4B-00C04F79EFBC}") = "HeadFirst4.Server", "HeadFirst\HeadFirst4.Server.csproj", "{29714502-803B-4CCF-B175-76A9037124F9}"
EndProject
Project("{2150E333-8FDC-42A3-9474-1A3956D46DE8}") = "SessionRecovery", "SessionRecovery", "{57008FE6-E4FB-4C88-BBDA-B8C41E2AF371}"
EndProject
Project("{FAE04EC0-301F-11D3-BF4B-00C04F79EFBC}") = "SessionRecovery", "SessionRecovery\SessionRecovery.csproj", "{45A03542-024B-4CDF-A285-76A913712401}"
EndProject
Project("{FAE04EC0-301F-11D3-BF4B-00C04F79EFBC}") = "SessionRecovery.Client", "SessionRecovery\SessionRecovery.Client.csproj", "{42ACF1CC-773C-4D9E-99C8-131AE1E45E86}"
EndProject
Project("{FAE04EC0-301F-11D3-BF4B-00C04F79EFBC}") = "SessionRecovery.Server", "SessionRecovery\SessionRecovery.Server.csproj", "{5E17BA0E-39CE-4835-B3D7-5E1968FAE152}"
EndProject
Global
	GlobalSection(SolutionConfigurationPlatforms) = preSolution
		Debug_Unity|Any CPU = Debug_Unity|Any CPU
		Debug_Unity|x64 = Debug_Unity|x64
		Debug|Any CPU = Debug|Any CPU
		Debug|x64 = Debug|x64
		Release_Unity|Any CPU = Release_Unity|Any CPU
		Release_Unity|x64 = Release_Unity|x64
		Release|Any CPU = Release|Any CPU
		Release|x64 = Release|x64
	EndGlobalSection
	GlobalSection(ProjectConfigurationPlatforms) = postSolution
		{456A45C1-F12A-4CCF-A175-76A9027104F0}.Debug_Unity|Any CPU.ActiveCfg = Debug|Any CPU
		{456A45C1-F12A-4CCF-A175-76A9027104F0}.Debug_Unity|Any CPU.Build.0 = Debug|Any CPU
		{456A45C1-F12A-4CCF-A175-76A9027104F0}.Debug_Unity|x64.ActiveCfg = Debug|Any CPU
		{456A45C1-F12A-4CCF-A175-76A9027104F0}.Debug|Any CPU.ActiveCfg = Debug|Any CPU
		{456A45C1-F12A-4CCF-A175-76A9027104F0}.Debug|Any CPU.Build.0 = Debug|Any CPU
		{456A45C1-F12A-4CCF-A175-76A9027104F0}.Debug|x64.ActiveCfg = Debug|Any CPU
		{456A45C1-F12A-4CCF-A175-76A9027104F0}.Release_Unity|Any CPU.ActiveCfg = Release|Any CPU
		{456A45C1-F12A-4CCF-A175-76A9027104F0}.Release_Unity|Any CPU.Build.0 = Release|Any CPU
		{456A45C1-F12A-4CCF-A175-76A9027104F0}.Release_Unity|x64.ActiveCfg = Release|Any CPU
		{456A45C1-F12A-4CCF-A175-76A9027104F0}.Release|Any CPU.ActiveCfg = Release|Any CPU
		{456A45C1-F12A-4CCF-A175-76A9027104F0}.Release|Any CPU.Build.0 = Release|Any CPU
		{456A45C1-F12A-4CCF-A175-76A9027104F0}.Release|x64.ActiveCfg = Release|Any CPU
		{13EEDB91-EAEF-4483-88E9-3F8E2DFA4D52}.Debug_Unity|Any CPU.ActiveCfg = Debug|Any CPU
		{13EEDB91-EAEF-4483-88E9-3F8E2DFA4D52}.Debug_Unity|Any CPU.Build.0 = Debug|Any CPU
		{13EEDB91-EAEF-4483-88E9-3F8E2DFA4D52}.Debug_Unity|x64.ActiveCfg = Debug|Any CPU
		{13EEDB91-EAEF-4483-88E9-3F8E2DFA4D52}.Debug|Any CPU.ActiveCfg = Debug|Any CPU
		{13EEDB91-EAEF-4483-88E9-3F8E2DFA4D52}.Debug|Any CPU.Build.0 = Debug|Any CPU
		{13EEDB91-EAEF-4483-88E9-3F8E2DFA4D52}.Debug|x64.ActiveCfg = Debug|Any CPU
		{13EEDB91-EAEF-4483-88E9-3F8E2DFA4D52}.Release_Unity|Any CPU.ActiveCfg = Release|Any CPU
		{13EEDB91-EAEF-4483-88E9-3F8E2DFA4D52}.Release_Unity|Any CPU.Build.0 = Release|Any CPU
		{13EEDB91-EAEF-4483-88E9-3F8E2DFA4D52}.Release_Unity|x64.ActiveCfg = Release|Any CPU
		{13EEDB91-EAEF-4483-88E9-3F8E2DFA4D52}.Release|Any CPU.ActiveCfg = Release|Any CPU
		{13EEDB91-EAEF-4483-88E9-3F8E2DFA4D52}.Release|Any CPU.Build.0 = Release|Any CPU
		{13EEDB91-EAEF-4483-88E9-3F8E2DFA4D52}.Release|x64.ActiveCfg = Release|Any CPU
		{79A3E41B-FA7F-4ED8-86AB-FCF61A6F65B9}.Debug_Unity|Any CPU.ActiveCfg = Debug_Unity|Any CPU
		{79A3E41B-FA7F-4ED8-86AB-FCF61A6F65B9}.Debug_Unity|Any CPU.Build.0 = Debug_Unity|Any CPU
		{79A3E41B-FA7F-4ED8-86AB-FCF61A6F65B9}.Debug_Unity|x64.ActiveCfg = Debug_Unity|Any CPU
		{79A3E41B-FA7F-4ED8-86AB-FCF61A6F65B9}.Debug|Any CPU.ActiveCfg = Debug|Any CPU
		{79A3E41B-FA7F-4ED8-86AB-FCF61A6F65B9}.Debug|Any CPU.Build.0 = Debug|Any CPU
		{79A3E41B-FA7F-4ED8-86AB-FCF61A6F65B9}.Debug|x64.ActiveCfg = Debug|Any CPU
		{79A3E41B-FA7F-4ED8-86AB-FCF61A6F65B9}.Release_Unity|Any CPU.ActiveCfg = Release_Unity|Any CPU
		{79A3E41B-FA7F-4ED8-86AB-FCF61A6F65B9}.Release_Unity|Any CPU.Build.0 = Release_Unity|Any CPU
		{79A3E41B-FA7F-4ED8-86AB-FCF61A6F65B9}.Release_Unity|x64.ActiveCfg = Release_Unity|Any CPU
		{79A3E41B-FA7F-4ED8-86AB-FCF61A6F65B9}.Release|Any CPU.ActiveCfg = Release|Any CPU
		{79A3E41B-FA7F-4ED8-86AB-FCF61A6F65B9}.Release|Any CPU.Build.0 = Release|Any CPU
		{79A3E41B-FA7F-4ED8-86AB-FCF61A6F65B9}.Release|x64.ActiveCfg = Release|Any CPU
		{567A45C2-F12A-4CCF-A175-76A9027124F0}.Debug_Unity|Any CPU.ActiveCfg = Debug|Any CPU
		{567A45C2-F12A-4CCF-A175-76A9027124F0}.Debug_Unity|Any CPU.Build.0 = Debug|Any CPU
		{567A45C2-F12A-4CCF-A175-76A9027124F0}.Debug_Unity|x64.ActiveCfg = Debug|Any CPU
		{567A45C2-F12A-4CCF-A175-76A9027124F0}.Debug|Any CPU.ActiveCfg = Debug|Any CPU
		{567A45C2-F12A-4CCF-A175-76A9027124F0}.Debug|Any CPU.Build.0 = Debug|Any CPU
		{567A45C2-F12A-4CCF-A175-76A9027124F0}.Debug|x64.ActiveCfg = Debug|Any CPU
		{567A45C2-F12A-4CCF-A175-76A9027124F0}.Release_Unity|Any CPU.ActiveCfg = Release|Any CPU
		{567A45C2-F12A-4CCF-A175-76A9027124F0}.Release_Unity|Any CPU.Build.0 = Release|Any CPU
		{567A45C2-F12A-4CCF-A175-76A9027124F0}.Release_Unity|x64.ActiveCfg = Release|Any CPU
		{567A45C2-F12A-4CCF-A175-76A9027124F0}.Release|Any CPU.ActiveCfg = Release|Any CPU
		{567A45C2-F12A-4CCF-A175-76A9027124F0}.Release|Any CPU.Build.0 = Release|Any CPU
		{567A45C2-F12A-4CCF-A175-76A9027124F0}.Release|x64.ActiveCfg = Release|Any CPU
		{679B3542-024B-4CDF-A285-76A9027124F1}.Debug_Unity|Any CPU.ActiveCfg = Debug|Any CPU
		{679B3542-024B-4CDF-A285-76A9027124F1}.Debug_Unity|Any CPU.Build.0 = Debug|Any CPU
		{679B3542-024B-4CDF-A285-76A9027124F1}.Debug_Unity|x64.ActiveCfg = Debug|Any CPU
		{679B3542-024B-4CDF-A285-76A9027124F1}.Debug|Any CPU.ActiveCfg = Debug|Any CPU
		{679B3542-024B-4CDF-A285-76A9027124F1}.Debug|Any CPU.Build.0 = Debug|Any CPU
		{679B3542-024B-4CDF-A285-76A9027124F1}.Debug|x64.ActiveCfg = Debug|Any CPU
		{679B3542-024B-4CDF-A285-76A9027124F1}.Release_Unity|Any CPU.ActiveCfg = Release|Any CPU
		{679B3542-024B-4CDF-A285-76A9027124F1}.Release_Unity|Any CPU.Build.0 = Release|Any CPU
		{679B3542-024B-4CDF-A285-76A9027124F1}.Release_Unity|x64.ActiveCfg = Release|Any CPU
		{679B3542-024B-4CDF-A285-76A9027124F1}.Release|Any CPU.ActiveCfg = Release|Any CPU
		{679B3542-024B-4CDF-A285-76A9027124F1}.Release|Any CPU.Build.0 = Release|Any CPU
		{679B3542-024B-4CDF-A285-76A9027124F1}.Release|x64.ActiveCfg = Release|Any CPU
		{798A1306-823B-4DCF-B186-76A9127824F9}.Debug_Unity|Any CPU.ActiveCfg = Debug|Any CPU
		{798A1306-823B-4DCF-B186-76A9127824F9}.Debug_Unity|Any CPU.Build.0 = Debug|Any CPU
		{798A1306-823B-4DCF-B186-76A9127824F9}.Debug_Unity|x64.ActiveCfg = Debug|Any CPU
		{798A1306-823B-4DCF-B186-76A9127824F9}.Debug|Any CPU.ActiveCfg = Debug|Any CPU
		{798A1306-823B-4DCF-B186-76A9127824F9}.Debug|Any CPU.Build.0 = Debug|Any CPU
		{798A1306-823B-4DCF-B186-76A9127824F9}.Debug|x64.ActiveCfg = Debug|Any CPU
		{798A1306-823B-4DCF-B186-76A9127824F9}.Release_Unity|Any CPU.ActiveCfg = Release|Any CPU
		{798A1306-823B-4DCF-B186-76A9127824F9}.Release_Unity|Any CPU.Build.0 = Release|Any CPU
		{798A1306-823B-4DCF-B186-76A9127824F9}.Release_Unity|x64.ActiveCfg = Release|Any CPU
		{798A1306-823B-4DCF-B186-76A9127824F9}.Release|Any CPU.ActiveCfg = Release|Any CPU
		{798A1306-823B-4DCF-B186-76A9127824F9}.Release|Any CPU.Build.0 = Release|Any CPU
		{798A1306-823B-4DCF-B186-76A9127824F9}.Release|x64.ActiveCfg = Release|Any CPU
		{297B4502-812A-4CCF-B175-76A9027124F9}.Debug_Unity|Any CPU.ActiveCfg = Debug|Any CPU
		{297B4502-812A-4CCF-B175-76A9027124F9}.Debug_Unity|Any CPU.Build.0 = Debug|Any CPU
		{297B4502-812A-4CCF-B175-76A9027124F9}.Debug_Unity|x64.ActiveCfg = Debug|Any CPU
		{297B4502-812A-4CCF-B175-76A9027124F9}.Debug|Any CPU.ActiveCfg = Debug|Any CPU
		{297B4502-812A-4CCF-B175-76A9027124F9}.Debug|Any CPU.Build.0 = Debug|Any CPU
		{297B4502-812A-4CCF-B175-76A9027124F9}.Debug|x64.ActiveCfg = Debug|Any CPU
		{297B4502-812A-4CCF-B175-76A9027124F9}.Release_Unity|Any CPU.ActiveCfg = Release|Any CPU
		{297B4502-812A-4CCF-B175-76A9027124F9}.Release_Unity|Any CPU.Build.0 = Release|Any CPU
		{297B4502-812A-4CCF-B175-76A9027124F9}.Release_Unity|x64.ActiveCfg = Release|Any CPU
		{297B4502-812A-4CCF-B175-76A9027124F9}.Release|Any CPU.ActiveCfg = Release|Any CPU
		{297B4502-812A-4CCF-B175-76A9027124F9}.Release|Any CPU.Build.0 = Release|Any CPU
		{297B4502-812A-4CCF-B175-76A9027124F9}.Release|x64.ActiveCfg = Release|Any CPU
		{798A1306-823C-482F-B286-76A91278240A}.Debug_Unity|Any CPU.ActiveCfg = Debug|Any CPU
		{798A1306-823C-482F-B286-76A91278240A}.Debug_Unity|Any CPU.Build.0 = Debug|Any CPU
		{798A1306-823C-482F-B286-76A91278240A}.Debug_Unity|x64.ActiveCfg = Debug|Any CPU
		{798A1306-823C-482F-B286-76A91278240A}.Debug|Any CPU.ActiveCfg = Debug|Any CPU
		{798A1306-823C-482F-B286-76A91278240A}.Debug|Any CPU.Build.0 = Debug|Any CPU
		{798A1306-823C-482F-B286-76A91278240A}.Debug|x64.ActiveCfg = Debug|Any CPU
		{798A1306-823C-482F-B286-76A91278240A}.Release_Unity|Any CPU.ActiveCfg = Release|Any CPU
		{798A1306-823C-482F-B286-76A91278240A}.Release_Unity|Any CPU.Build.0 = Release|Any CPU
		{798A1306-823C-482F-B286-76A91278240A}.Release_Unity|x64.ActiveCfg = Release|Any CPU
		{798A1306-823C-482F-B286-76A91278240A}.Release|Any CPU.ActiveCfg = Release|Any CPU
		{798A1306-823C-482F-B286-76A91278240A}.Release|Any CPU.Build.0 = Release|Any CPU
		{798A1306-823C-482F-B286-76A91278240A}.Release|x64.ActiveCfg = Release|Any CPU
		{29714502-803B-4CCF-B175-76A9037124F9}.Debug_Unity|Any CPU.ActiveCfg = Debug|Any CPU
		{29714502-803B-4CCF-B175-76A9037124F9}.Debug_Unity|Any CPU.Build.0 = Debug|Any CPU
		{29714502-803B-4CCF-B175-76A9037124F9}.Debug_Unity|x64.ActiveCfg = Debug|Any CPU
		{29714502-803B-4CCF-B175-76A9037124F9}.Debug|Any CPU.ActiveCfg = Debug|Any CPU
		{29714502-803B-4CCF-B175-76A9037124F9}.Debug|Any CPU.Build.0 = Debug|Any CPU
		{29714502-803B-4CCF-B175-76A9037124F9}.Debug|x64.ActiveCfg = Debug|Any CPU
		{29714502-803B-4CCF-B175-76A9037124F9}.Release_Unity|Any CPU.ActiveCfg = Release|Any CPU
		{29714502-803B-4CCF-B175-76A9037124F9}.Release_Unity|Any CPU.Build.0 = Release|Any CPU
		{29714502-803B-4CCF-B175-76A9037124F9}.Release_Unity|x64.ActiveCfg = Release|Any CPU
		{29714502-803B-4CCF-B175-76A9037124F9}.Release|Any CPU.ActiveCfg = Release|Any CPU
		{29714502-803B-4CCF-B175-76A9037124F9}.Release|Any CPU.Build.0 = Release|Any CPU
		{29714502-803B-4CCF-B175-76A9037124F9}.Release|x64.ActiveCfg = Release|Any CPU
		{45A03542-024B-4CDF-A285-76A913712401}.Debug_Unity|Any CPU.ActiveCfg = Debug|Any CPU
		{45A03542-024B-4CDF-A285-76A913712401}.Debug_Unity|Any CPU.Build.0 = Debug|Any CPU
		{45A03542-024B-4CDF-A285-76A913712401}.Debug_Unity|x64.ActiveCfg = Debug|Any CPU
		{45A03542-024B-4CDF-A285-76A913712401}.Debug|Any CPU.ActiveCfg = Debug|Any CPU
		{45A03542-024B-4CDF-A285-76A913712401}.Debug|Any CPU.Build.0 = Debug|Any CPU
		{45A03542-024B-4CDF-A285-76A913712401}.Debug|x64.ActiveCfg = Debug|Any CPU
		{45A03542-024B-4CDF-A285-76A913712401}.Release_Unity|Any CPU.ActiveCfg = Release|Any CPU
		{45A03542-024B-4CDF-A285-76A913712401}.Release_Unity|Any CPU.Build.0 = Release|Any CPU
		{45A03542-024B-4CDF-A285-76A913712401}.Release_Unity|x64.ActiveCfg = Release|Any CPU
		{45A03542-024B-4CDF-A285-76A913712401}.Release|Any CPU.ActiveCfg = Release|Any CPU
		{45A03542-024B-4CDF-A285-76A913712401}.Release|Any CPU.Build.0 = Release|Any CPU
		{45A03542-024B-4CDF-A285-76A913712401}.Release|x64.ActiveCfg = Release|Any CPU
		{42ACF1CC-773C-4D9E-99C8-131AE1E45E86}.Debug_Unity|Any CPU.ActiveCfg = Debug|Any CPU
		{42ACF1CC-773C-4D9E-99C8-131AE1E45E86}.Debug_Unity|Any CPU.Build.0 = Debug|Any CPU
		{42ACF1CC-773C-4D9E-99C8-131AE1E45E86}.Debug_Unity|x64.ActiveCfg = Debug|Any CPU
		{42ACF1CC-773C-4D9E-99C8-131AE1E45E86}.Debug|Any CPU.ActiveCfg = Debug|Any CPU
		{42ACF1CC-773C-4D9E-99C8-131AE1E45E86}.Debug|Any CPU.Build.0 = Debug|Any CPU
		{42ACF1CC-773C-4D9E-99C8-131AE1E45E86}.Debug|x64.ActiveCfg = Debug|Any CPU
		{42ACF1CC-773C-4D9E-99C8-131AE1E45E86}.Release_Unity|Any CPU.ActiveCfg = Release|Any CPU
		{42ACF1CC-773C-4D9E-99C8-131AE1E45E86}.Release_Unity|Any CPU.Build.0 = Release|Any CPU
		{42ACF1CC-773C-4D9E-99C8-131AE1E45E86}.Release_Unity|x64.ActiveCfg = Release|Any CPU
		{42ACF1CC-773C-4D9E-99C8-131AE1E45E86}.Release|Any CPU.ActiveCfg = Release|Any CPU
		{42ACF1CC-773C-4D9E-99C8-131AE1E45E86}.Release|Any CPU.Build.0 = Release|Any CPU
		{42ACF1CC-773C-4D9E-99C8-131AE1E45E86}.Release|x64.ActiveCfg = Release|Any CPU
		{5E17BA0E-39CE-4835-B3D7-5E1968FAE152}.Debug_Unity|Any CPU.ActiveCfg = Debug|Any CPU
		{5E17BA0E-39CE-4835-B3D7-5E1968FAE152}.Debug_Unity|Any CPU.Build.0 = Debug|Any CPU
		{5E17BA0E-39CE-4835-B3D7-5E1968FAE152}.Debug_Unity|x64.ActiveCfg = Debug|Any CPU
		{5E17BA0E-39CE-4835-B3D7-5E1968FAE152}.Debug|Any CPU.ActiveCfg = Debug|Any CPU
		{5E17BA0E-39CE-4835-B3D7-5E1968FAE152}.Debug|Any CPU.Build.0 = Debug|Any CPU
		{5E17BA0E-39CE-4835-B3D7-5E1968FAE152}.Debug|x64.ActiveCfg = Debug|Any CPU
		{5E17BA0E-39CE-4835-B3D7-5E1968FAE152}.Release_Unity|Any CPU.ActiveCfg = Release|Any CPU
		{5E17BA0E-39CE-4835-B3D7-5E1968FAE152}.Release_Unity|Any CPU.Build.0 = Release|Any CPU
		{5E17BA0E-39CE-4835-B3D7-5E1968FAE152}.Release_Unity|x64.ActiveCfg = Release|Any CPU
		{5E17BA0E-39CE-4835-B3D7-5E1968FAE152}.Release|Any CPU.ActiveCfg = Release|Any CPU
		{5E17BA0E-39CE-4835-B3D7-5E1968FAE152}.Release|Any CPU.Build.0 = Release|Any CPU
		{5E17BA0E-39CE-4835-B3D7-5E1968FAE152}.Release|x64.ActiveCfg = Release|Any CPU
	EndGlobalSection
	GlobalSection(SolutionProperties) = preSolution
		HideSolutionNode = FALSE
	EndGlobalSection
	GlobalSection(NestedProjects) = preSolution
		{456A45C1-F12A-4CCF-A175-76A9027104F0} = {0AE5A866-386E-4980-A4FD-FB346327A954}
		{13EEDB91-EAEF-4483-88E9-3F8E2DFA4D52} = {9B01C5F1-1AE6-493E-94AF-633D825D091E}
		{79A3E41B-FA7F-4ED8-86AB-FCF61A6F65B9} = {9B01C5F1-1AE6-493E-94AF-633D825D091E}
		{567A45C2-F12A-4CCF-A175-76A9027124F0} = {0AE5A866-386E-4980-A4FD-FB346327A954}
		{679B3542-024B-4CDF-A285-76A9027124F1} = {0AE5A866-386E-4980-A4FD-FB346327A954}
		{798A1306-823B-4DCF-B186-76A9127824F9} = {0AE5A866-386E-4980-A4FD-FB346327A954}
		{297B4502-812A-4CCF-B175-76A9027124F9} = {0AE5A866-386E-4980-A4FD-FB346327A954}
		{798A1306-823C-482F-B286-76A91278240A} = {0AE5A866-386E-4980-A4FD-FB346327A954}
		{29714502-803B-4CCF-B175-76A9037124F9} = {0AE5A866-386E-4980-A4FD-FB346327A954}
		{45A03542-024B-4CDF-A285-76A913712401} = {57008FE6-E4FB-4C88-BBDA-B8C41E2AF371}
		{42ACF1CC-773C-4D9E-99C8-131AE1E45E86} = {57008FE6-E4FB-4C88-BBDA-B8C41E2AF371}
		{5E17BA0E-39CE-4835-B3D7-5E1968FAE152} = {57008FE6-E4FB-4C88-BBDA-B8C41E2AF371}
	EndGlobalSection
EndGlobal
